
Microsoft Visual Studio Solution File, Format Version 12.00
# Visual Studio Version 17
VisualStudioVersion = 17.8.34525.116
MinimumVisualStudioVersion = 10.0.40219.1
Project("{FAE04EC0-301F-11D3-BF4B-00C04F79EFBC}") = "ActionFuncDelegateSample", "ActionFuncDelegateSample\ActionFuncDelegateSample.csproj", "{9F24C4F9-358F-4457-B757-6CDD109BE3ED}"
EndProject
Global
	GlobalSection(SolutionConfigurationPlatforms) = preSolution
		Debug|Any CPU = Debug|Any CPU
		Release|Any CPU = Release|Any CPU
	EndGlobalSection
	GlobalSection(ProjectConfigurationPlatforms) = postSolution
		{9F24C4F9-358F-4457-B757-6CDD109BE3ED}.Debug|Any CPU.ActiveCfg = Debug|Any CPU
		{9F24C4F9-358F-4457-B757-6CDD109BE3ED}.Debug|Any CPU.Build.0 = Debug|Any CPU
		{9F24C4F9-358F-4457-B757-6CDD109BE3ED}.Release|Any CPU.ActiveCfg = Release|Any CPU
		{9F24C4F9-358F-4457-B757-6CDD109BE3ED}.Release|Any CPU.Build.0 = Release|Any CPU
	EndGlobalSection
	GlobalSection(SolutionProperties) = preSolution
		HideSolutionNode = FALSE
	EndGlobalSection
	GlobalSection(ExtensibilityGlobals) = postSolution
		SolutionGuid = {FAEC02FE-7B0D-4AE7-BAB5-0BBB6E1E553F}
	EndGlobalSection
EndGlobal
